
Microsoft Visual Studio Solution File, Format Version 12.00
# Visual Studio Version 17
VisualStudioVersion = 17.6.33815.320
MinimumVisualStudioVersion = 10.0.40219.1
Project("{FAE04EC0-301F-11D3-BF4B-00C04F79EFBC}") = "MediaInfoWebApi", "MediaInfoWebApi\MediaInfoWebApi.csproj", "{76393ED2-A003-4B8D-9D99-B90D2C2BAAFE}"
EndProject
Global
	GlobalSection(SolutionConfigurationPlatforms) = preSolution
		Debug|Any CPU = Debug|Any CPU
		Release|Any CPU = Release|Any CPU
	EndGlobalSection
	GlobalSection(ProjectConfigurationPlatforms) = postSolution
		{76393ED2-A003-4B8D-9D99-B90D2C2BAAFE}.Debug|Any CPU.ActiveCfg = Debug|Any CPU
		{76393ED2-A003-4B8D-9D99-B90D2C2BAAFE}.Debug|Any CPU.Build.0 = Debug|Any CPU
		{76393ED2-A003-4B8D-9D99-B90D2C2BAAFE}.Release|Any CPU.ActiveCfg = Release|Any CPU
		{76393ED2-A003-4B8D-9D99-B90D2C2BAAFE}.Release|Any CPU.Build.0 = Release|Any CPU
	EndGlobalSection
	GlobalSection(SolutionProperties) = preSolution
		HideSolutionNode = FALSE
	EndGlobalSection
	GlobalSection(ExtensibilityGlobals) = postSolution
		SolutionGuid = {1BBD155D-3C3C-40F4-A35B-A4C92B9E8636}
	EndGlobalSection
EndGlobal
